
Microsoft Visual Studio Solution File, Format Version 12.00
# Visual Studio Version 17
VisualStudioVersion = 17.1.32421.90
MinimumVisualStudioVersion = 10.0.40219.1
Project("{FAE04EC0-301F-11D3-BF4B-00C04F79EFBC}") = "ProjektHoldaJan", "ProjektHoldaJan.csproj", "{0D6D8714-A6CB-4A87-97CA-6003A49A1D0E}"
EndProject
Global
	GlobalSection(SolutionConfigurationPlatforms) = preSolution
		Debug|Any CPU = Debug|Any CPU
		Release|Any CPU = Release|Any CPU
	EndGlobalSection
	GlobalSection(ProjectConfigurationPlatforms) = postSolution
		{0D6D8714-A6CB-4A87-97CA-6003A49A1D0E}.Debug|Any CPU.ActiveCfg = Debug|Any CPU
		{0D6D8714-A6CB-4A87-97CA-6003A49A1D0E}.Debug|Any CPU.Build.0 = Debug|Any CPU
		{0D6D8714-A6CB-4A87-97CA-6003A49A1D0E}.Release|Any CPU.ActiveCfg = Release|Any CPU
		{0D6D8714-A6CB-4A87-97CA-6003A49A1D0E}.Release|Any CPU.Build.0 = Release|Any CPU
	EndGlobalSection
	GlobalSection(SolutionProperties) = preSolution
		HideSolutionNode = FALSE
	EndGlobalSection
	GlobalSection(ExtensibilityGlobals) = postSolution
		SolutionGuid = {CCDBCFE9-1A27-40E8-AF06-27DB1C026E0C}
	EndGlobalSection
EndGlobal
